
Microsoft Visual Studio Solution File, Format Version 12.00
# Visual Studio Version 16
VisualStudioVersion = 16.0.32126.315
MinimumVisualStudioVersion = 10.0.40219.1
Project("{FAE04EC0-301F-11D3-BF4B-00C04F79EFBC}") = "OrnekProje", "OrnekProje\OrnekProje.csproj", "{7E9C8A24-ACA4-4E48-8EEF-1A457047EB90}"
EndProject
Global
	GlobalSection(SolutionConfigurationPlatforms) = preSolution
		Debug|Any CPU = Debug|Any CPU
		Release|Any CPU = Release|Any CPU
	EndGlobalSection
	GlobalSection(ProjectConfigurationPlatforms) = postSolution
		{7E9C8A24-ACA4-4E48-8EEF-1A457047EB90}.Debug|Any CPU.ActiveCfg = Debug|Any CPU
		{7E9C8A24-ACA4-4E48-8EEF-1A457047EB90}.Debug|Any CPU.Build.0 = Debug|Any CPU
		{7E9C8A24-ACA4-4E48-8EEF-1A457047EB90}.Release|Any CPU.ActiveCfg = Release|Any CPU
		{7E9C8A24-ACA4-4E48-8EEF-1A457047EB90}.Release|Any CPU.Build.0 = Release|Any CPU
	EndGlobalSection
	GlobalSection(SolutionProperties) = preSolution
		HideSolutionNode = FALSE
	EndGlobalSection
	GlobalSection(ExtensibilityGlobals) = postSolution
		SolutionGuid = {F289B115-2DE8-4EC9-A6FD-1DC3AD804967}
	EndGlobalSection
EndGlobal
